// !$*UTF8*$!
{
	archiveVersion = 1;
	classes = {
	};
	objectVersion = 46;
	objects = {

/* Begin PBXBuildFile section */
		192EEBA8470BCFC6398565C5 /* ofxEasingQuad.cpp in Sources */ = {isa = PBXBuildFile; fileRef = E92F754CA77A9ECBD97ABEB0 /* ofxEasingQuad.cpp */; };
		1A502F9DA81AFDCA4383F95A /* ofxEasingBounce.cpp in Sources */ = {isa = PBXBuildFile; fileRef = B01DC912FFCC095CC384688D /* ofxEasingBounce.cpp */; };
		29D734F0DDECC8C5978185D7 /* ofApp.cpp in Sources */ = {isa = PBXBuildFile; fileRef = 00A1BFCBB38848AD0E0C8539 /* ofApp.cpp */; };
		3DA01BF4B40053C9B6A7F66C /* ofxEasing.cpp in Sources */ = {isa = PBXBuildFile; fileRef = 6B11BA4A1A8553DB99738D20 /* ofxEasing.cpp */; };
		4A2A122B9E3B74A8A7CBCF4D /* ofxEasingQuint.cpp in Sources */ = {isa = PBXBuildFile; fileRef = ED4F30AADC7747AC25177370 /* ofxEasingQuint.cpp */; };
		56634F705A5BC678742AD4FD /* ofxEasingQuart.cpp in Sources */ = {isa = PBXBuildFile; fileRef = AF64ED3CE71BB5A95884C864 /* ofxEasingQuart.cpp */; };
		573DF9CD985D7877F989424D /* ofxEasingExpo.cpp in Sources */ = {isa = PBXBuildFile; fileRef = 037668333AB8E8333B515CC7 /* ofxEasingExpo.cpp */; };
		6BB89F9350EEC7013F628E6C /* ofxEasingBack.cpp in Sources */ = {isa = PBXBuildFile; fileRef = 8855B9532CDC0A2BF701682A /* ofxEasingBack.cpp */; };
		9098D510619CAED5C56F653E /* ofxPlaylist.cpp in Sources */ = {isa = PBXBuildFile; fileRef = 72AB0F6DE935FB39E707CC12 /* ofxPlaylist.cpp */; };
		A115DC7360D60A53CBBB7277 /* ofxKeyframe.cpp in Sources */ = {isa = PBXBuildFile; fileRef = 87B9FC3251B3A9F5FACFD5A6 /* ofxKeyframe.cpp */; };
		A24D96D341E21D8850BC99B1 /* ofxEasingLinear.cpp in Sources */ = {isa = PBXBuildFile; fileRef = 1B6652CDE2F4090810C733B1 /* ofxEasingLinear.cpp */; };
		B87E75A570AD2D9B059CF3D0 /* ofxEasingCirc.cpp in Sources */ = {isa = PBXBuildFile; fileRef = 7CF93C126D52CAC459B360A9 /* ofxEasingCirc.cpp */; };
		CAE5667526F32A6C8B01A7EE /* easing_terms_of_use.html in Sources */ = {isa = PBXBuildFile; fileRef = 2942C3953706561846A380A5 /* easing_terms_of_use.html */; };
		CBC6CA698794EC2B08B45FB8 /* ofxEventKeyframe.cpp in Sources */ = {isa = PBXBuildFile; fileRef = 69A1291CC20E7C5B1065DC21 /* ofxEventKeyframe.cpp */; };
		CC9A86C96A280C4053790E47 /* ofxEasingElastic.cpp in Sources */ = {isa = PBXBuildFile; fileRef = 35204435369D24B91EEC2740 /* ofxEasingElastic.cpp */; };
		D47ECF6A2047CD15DBEBA22D /* ofxEasingCubic.cpp in Sources */ = {isa = PBXBuildFile; fileRef = AC599CB14B5DF66D829F3666 /* ofxEasingCubic.cpp */; };
		E386EF03E3EFD0F96B89ECF6 /* ofxEasingSine.cpp in Sources */ = {isa = PBXBuildFile; fileRef = A646CD9DA3A61E7C40B113C7 /* ofxEasingSine.cpp */; };
		E4328149138ABC9F0047C5CB /* openFrameworksDebug.a in Frameworks */ = {isa = PBXBuildFile; fileRef = E4328148138ABC890047C5CB /* openFrameworksDebug.a */; };
		E4B69E200A3A1BDC003C02F2 /* main.cpp in Sources */ = {isa = PBXBuildFile; fileRef = E4B69E1D0A3A1BDC003C02F2 /* main.cpp */; };
/* End PBXBuildFile section */

/* Begin PBXContainerItemProxy section */
		E4328147138ABC890047C5CB /* PBXContainerItemProxy */ = {
			isa = PBXContainerItemProxy;
			containerPortal = E4328143138ABC890047C5CB /* openFrameworksLib.xcodeproj */;
			proxyType = 2;
			remoteGlobalIDString = E4B27C1510CBEB8E00536013;
			remoteInfo = openFrameworks;
		};
		E4EEB9AB138B136A00A80321 /* PBXContainerItemProxy */ = {
			isa = PBXContainerItemProxy;
			containerPortal = E4328143138ABC890047C5CB /* openFrameworksLib.xcodeproj */;
			proxyType = 1;
			remoteGlobalIDString = E4B27C1410CBEB8E00536013;
			remoteInfo = openFrameworks;
		};
/* End PBXContainerItemProxy section */

/* Begin PBXCopyFilesBuildPhase section */
		E4C2427710CC5ABF004149E2 /* CopyFiles */ = {
			isa = PBXCopyFilesBuildPhase;
			buildActionMask = 2147483647;
			dstPath = "";
			dstSubfolderSpec = 10;
			files = (
			);
			runOnlyForDeploymentPostprocessing = 0;
		};
/* End PBXCopyFilesBuildPhase section */

/* Begin PBXFileReference section */
		00A1BFCBB38848AD0E0C8539 /* ofApp.cpp */ = {isa = PBXFileReference; explicitFileType = sourcecode.cpp.cpp; fileEncoding = 30; name = ofApp.cpp; path = src/ofApp.cpp; sourceTree = SOURCE_ROOT; };
		0187CE0BFF74395AF109927C /* ofxKeyframe.h */ = {isa = PBXFileReference; explicitFileType = sourcecode.c.h; fileEncoding = 30; name = ofxKeyframe.h; path = ../../../addons/ofxPlaylist/src/ofxKeyframe.h; sourceTree = SOURCE_ROOT; };
		037668333AB8E8333B515CC7 /* ofxEasingExpo.cpp */ = {isa = PBXFileReference; explicitFileType = sourcecode.cpp.cpp; fileEncoding = 30; name = ofxEasingExpo.cpp; path = ../../../addons/ofxPlaylist/src/Easings/ofxEasingExpo.cpp; sourceTree = SOURCE_ROOT; };
		06D2EEABDD9B20EBEACFB0AB /* ofxEasingCubic.h */ = {isa = PBXFileReference; explicitFileType = sourcecode.c.h; fileEncoding = 30; name = ofxEasingCubic.h; path = ../../../addons/ofxPlaylist/src/Easings/ofxEasingCubic.h; sourceTree = SOURCE_ROOT; };
		1B6652CDE2F4090810C733B1 /* ofxEasingLinear.cpp */ = {isa = PBXFileReference; explicitFileType = sourcecode.cpp.cpp; fileEncoding = 30; name = ofxEasingLinear.cpp; path = ../../../addons/ofxPlaylist/src/Easings/ofxEasingLinear.cpp; sourceTree = SOURCE_ROOT; };
		1FA30E3160EFC201C0C1F46B /* ofxEventKeyframe.h */ = {isa = PBXFileReference; explicitFileType = sourcecode.c.h; fileEncoding = 30; name = ofxEventKeyframe.h; path = ../../../addons/ofxPlaylist/src/ofxEventKeyframe.h; sourceTree = SOURCE_ROOT; };
		2942C3953706561846A380A5 /* easing_terms_of_use.html */ = {isa = PBXFileReference; explicitFileType = file; fileEncoding = 30; name = easing_terms_of_use.html; path = ../../../addons/ofxPlaylist/src/Easings/easing_terms_of_use.html; sourceTree = SOURCE_ROOT; };
		2D129AB0F7D46B8DFCEADEDB /* ofApp.h */ = {isa = PBXFileReference; explicitFileType = sourcecode.c.h; fileEncoding = 30; name = ofApp.h; path = src/ofApp.h; sourceTree = SOURCE_ROOT; };
		35204435369D24B91EEC2740 /* ofxEasingElastic.cpp */ = {isa = PBXFileReference; explicitFileType = sourcecode.cpp.cpp; fileEncoding = 30; name = ofxEasingElastic.cpp; path = ../../../addons/ofxPlaylist/src/Easings/ofxEasingElastic.cpp; sourceTree = SOURCE_ROOT; };
		379175356518DF0F9A81762D /* ofxEasingExt.h */ = {isa = PBXFileReference; explicitFileType = sourcecode.c.h; fileEncoding = 30; name = ofxEasingExt.h; path = ../../../addons/ofxPlaylist/src/ofxEasingExt.h; sourceTree = SOURCE_ROOT; };
		3C32503A68E18ABE07D01FAB /* ofxEasingLinear.h */ = {isa = PBXFileReference; explicitFileType = sourcecode.c.h; fileEncoding = 30; name = ofxEasingLinear.h; path = ../../../addons/ofxPlaylist/src/Easings/ofxEasingLinear.h; sourceTree = SOURCE_ROOT; };
		3CEECD65F72B1C2D843D440F /* ofxEasingExpo.h */ = {isa = PBXFileReference; explicitFileType = sourcecode.c.h; fileEncoding = 30; name = ofxEasingExpo.h; path = ../../../addons/ofxPlaylist/src/Easings/ofxEasingExpo.h; sourceTree = SOURCE_ROOT; };
		4E1850F93926EF199FC3A7AD /* ofxEasingBounce.h */ = {isa = PBXFileReference; explicitFileType = sourcecode.c.h; fileEncoding = 30; name = ofxEasingBounce.h; path = ../../../addons/ofxPlaylist/src/Easings/ofxEasingBounce.h; sourceTree = SOURCE_ROOT; };
		62DE22B3F7064BB1068E9198 /* ofxEasingQuart.h */ = {isa = PBXFileReference; explicitFileType = sourcecode.c.h; fileEncoding = 30; name = ofxEasingQuart.h; path = ../../../addons/ofxPlaylist/src/Easings/ofxEasingQuart.h; sourceTree = SOURCE_ROOT; };
		69A1291CC20E7C5B1065DC21 /* ofxEventKeyframe.cpp */ = {isa = PBXFileReference; explicitFileType = sourcecode.cpp.cpp; fileEncoding = 30; name = ofxEventKeyframe.cpp; path = ../../../addons/ofxPlaylist/src/ofxEventKeyframe.cpp; sourceTree = SOURCE_ROOT; };
		6B11BA4A1A8553DB99738D20 /* ofxEasing.cpp */ = {isa = PBXFileReference; explicitFileType = sourcecode.cpp.cpp; fileEncoding = 30; name = ofxEasing.cpp; path = ../../../addons/ofxPlaylist/src/Easings/ofxEasing.cpp; sourceTree = SOURCE_ROOT; };
		72AB0F6DE935FB39E707CC12 /* ofxPlaylist.cpp */ = {isa = PBXFileReference; explicitFileType = sourcecode.cpp.cpp; fileEncoding = 30; name = ofxPlaylist.cpp; path = ../../../addons/ofxPlaylist/src/ofxPlaylist.cpp; sourceTree = SOURCE_ROOT; };
		788A35DA11056D41904F5D28 /* ofxEasing.h */ = {isa = PBXFileReference; explicitFileType = sourcecode.c.h; fileEncoding = 30; name = ofxEasing.h; path = ../../../addons/ofxPlaylist/src/Easings/ofxEasing.h; sourceTree = SOURCE_ROOT; };
		7CF93C126D52CAC459B360A9 /* ofxEasingCirc.cpp */ = {isa = PBXFileReference; explicitFileType = sourcecode.cpp.cpp; fileEncoding = 30; name = ofxEasingCirc.cpp; path = ../../../addons/ofxPlaylist/src/Easings/ofxEasingCirc.cpp; sourceTree = SOURCE_ROOT; };
		86BEE655A830A205CB010199 /* ofxEasingQuint.h */ = {isa = PBXFileReference; explicitFileType = sourcecode.c.h; fileEncoding = 30; name = ofxEasingQuint.h; path = ../../../addons/ofxPlaylist/src/Easings/ofxEasingQuint.h; sourceTree = SOURCE_ROOT; };
		87B9FC3251B3A9F5FACFD5A6 /* ofxKeyframe.cpp */ = {isa = PBXFileReference; explicitFileType = sourcecode.cpp.cpp; fileEncoding = 30; name = ofxKeyframe.cpp; path = ../../../addons/ofxPlaylist/src/ofxKeyframe.cpp; sourceTree = SOURCE_ROOT; };
		8855B9532CDC0A2BF701682A /* ofxEasingBack.cpp */ = {isa = PBXFileReference; explicitFileType = sourcecode.cpp.cpp; fileEncoding = 30; name = ofxEasingBack.cpp; path = ../../../addons/ofxPlaylist/src/Easings/ofxEasingBack.cpp; sourceTree = SOURCE_ROOT; };
		A1AD4ED9FD4A0A2F2D4BD965 /* ofxEasingSine.h */ = {isa = PBXFileReference; explicitFileType = sourcecode.c.h; fileEncoding = 30; name = ofxEasingSine.h; path = ../../../addons/ofxPlaylist/src/Easings/ofxEasingSine.h; sourceTree = SOURCE_ROOT; };
		A646CD9DA3A61E7C40B113C7 /* ofxEasingSine.cpp */ = {isa = PBXFileReference; explicitFileType = sourcecode.cpp.cpp; fileEncoding = 30; name = ofxEasingSine.cpp; path = ../../../addons/ofxPlaylist/src/Easings/ofxEasingSine.cpp; sourceTree = SOURCE_ROOT; };
		AC599CB14B5DF66D829F3666 /* ofxEasingCubic.cpp */ = {isa = PBXFileReference; explicitFileType = sourcecode.cpp.cpp; fileEncoding = 30; name = ofxEasingCubic.cpp; path = ../../../addons/ofxPlaylist/src/Easings/ofxEasingCubic.cpp; sourceTree = SOURCE_ROOT; };
		AF64ED3CE71BB5A95884C864 /* ofxEasingQuart.cpp */ = {isa = PBXFileReference; explicitFileType = sourcecode.cpp.cpp; fileEncoding = 30; name = ofxEasingQuart.cpp; path = ../../../addons/ofxPlaylist/src/Easings/ofxEasingQuart.cpp; sourceTree = SOURCE_ROOT; };
		B01DC912FFCC095CC384688D /* ofxEasingBounce.cpp */ = {isa = PBXFileReference; explicitFileType = sourcecode.cpp.cpp; fileEncoding = 30; name = ofxEasingBounce.cpp; path = ../../../addons/ofxPlaylist/src/Easings/ofxEasingBounce.cpp; sourceTree = SOURCE_ROOT; };
		B607592E361DEF55EE931251 /* ofxEasingElastic.h */ = {isa = PBXFileReference; explicitFileType = sourcecode.c.h; fileEncoding = 30; name = ofxEasingElastic.h; path = ../../../addons/ofxPlaylist/src/Easings/ofxEasingElastic.h; sourceTree = SOURCE_ROOT; };
		B8695248E5264E06C6F942E7 /* ofxBaseKeyframe.h */ = {isa = PBXFileReference; explicitFileType = sourcecode.c.h; fileEncoding = 30; name = ofxBaseKeyframe.h; path = ../../../addons/ofxPlaylist/src/ofxBaseKeyframe.h; sourceTree = SOURCE_ROOT; };
		BBB42509608ED81A2917613D /* ofxEasingBack.h */ = {isa = PBXFileReference; explicitFileType = sourcecode.c.h; fileEncoding = 30; name = ofxEasingBack.h; path = ../../../addons/ofxPlaylist/src/Easings/ofxEasingBack.h; sourceTree = SOURCE_ROOT; };
		C22B58F6DB1B34CA0B42D04C /* ofxPlaylistAEHelper.h */ = {isa = PBXFileReference; explicitFileType = sourcecode.c.h; fileEncoding = 30; name = ofxPlaylistAEHelper.h; path = ../../../addons/ofxPlaylist/src/ofxPlaylistAEHelper.h; sourceTree = SOURCE_ROOT; };
		D43DA8240D2365B79017216B /* ofxEasingCirc.h */ = {isa = PBXFileReference; explicitFileType = sourcecode.c.h; fileEncoding = 30; name = ofxEasingCirc.h; path = ../../../addons/ofxPlaylist/src/Easings/ofxEasingCirc.h; sourceTree = SOURCE_ROOT; };
		DCE737378AEED25A56E69E2A /* ofxPlaylist.h */ = {isa = PBXFileReference; explicitFileType = sourcecode.c.h; fileEncoding = 30; name = ofxPlaylist.h; path = ../../../addons/ofxPlaylist/src/ofxPlaylist.h; sourceTree = SOURCE_ROOT; };
		E4328143138ABC890047C5CB /* openFrameworksLib.xcodeproj */ = {isa = PBXFileReference; lastKnownFileType = "wrapper.pb-project"; name = openFrameworksLib.xcodeproj; path = ../../../libs/openFrameworksCompiled/project/osx/openFrameworksLib.xcodeproj; sourceTree = SOURCE_ROOT; };
		E4B69B5B0A3A1756003C02F2 /* simpleExampleDebug.app */ = {isa = PBXFileReference; explicitFileType = wrapper.application; includeInIndex = 0; path = simpleExampleDebug.app; sourceTree = BUILT_PRODUCTS_DIR; };
		E4B69E1D0A3A1BDC003C02F2 /* main.cpp */ = {isa = PBXFileReference; fileEncoding = 30; lastKnownFileType = sourcecode.cpp.cpp; name = main.cpp; path = src/main.cpp; sourceTree = SOURCE_ROOT; };
		E4B6FCAD0C3E899E008CF71C /* openFrameworks-Info.plist */ = {isa = PBXFileReference; fileEncoding = 30; lastKnownFileType = text.plist.xml; path = "openFrameworks-Info.plist"; sourceTree = "<group>"; };
		E4EB691F138AFCF100A09F29 /* CoreOF.xcconfig */ = {isa = PBXFileReference; fileEncoding = 4; lastKnownFileType = text.xcconfig; name = CoreOF.xcconfig; path = ../../../libs/openFrameworksCompiled/project/osx/CoreOF.xcconfig; sourceTree = SOURCE_ROOT; };
		E4EB6923138AFD0F00A09F29 /* Project.xcconfig */ = {isa = PBXFileReference; fileEncoding = 4; lastKnownFileType = text.xcconfig; path = Project.xcconfig; sourceTree = "<group>"; };
		E92F754CA77A9ECBD97ABEB0 /* ofxEasingQuad.cpp */ = {isa = PBXFileReference; explicitFileType = sourcecode.cpp.cpp; fileEncoding = 30; name = ofxEasingQuad.cpp; path = ../../../addons/ofxPlaylist/src/Easings/ofxEasingQuad.cpp; sourceTree = SOURCE_ROOT; };
		ED4F30AADC7747AC25177370 /* ofxEasingQuint.cpp */ = {isa = PBXFileReference; explicitFileType = sourcecode.cpp.cpp; fileEncoding = 30; name = ofxEasingQuint.cpp; path = ../../../addons/ofxPlaylist/src/Easings/ofxEasingQuint.cpp; sourceTree = SOURCE_ROOT; };
		F23134DE1A0BC6F462887725 /* ofxEasingQuad.h */ = {isa = PBXFileReference; explicitFileType = sourcecode.c.h; fileEncoding = 30; name = ofxEasingQuad.h; path = ../../../addons/ofxPlaylist/src/Easings/ofxEasingQuad.h; sourceTree = SOURCE_ROOT; };
/* End PBXFileReference section */

/* Begin PBXFrameworksBuildPhase section */
		E4B69B590A3A1756003C02F2 /* Frameworks */ = {
			isa = PBXFrameworksBuildPhase;
			buildActionMask = 2147483647;
			files = (
				E4328149138ABC9F0047C5CB /* openFrameworksDebug.a in Frameworks */,
			);
			runOnlyForDeploymentPostprocessing = 0;
		};
/* End PBXFrameworksBuildPhase section */

/* Begin PBXGroup section */
		1A3AEA66CCAC02721A2B0BCA /* Easings */ = {
			isa = PBXGroup;
			children = (
				2942C3953706561846A380A5 /* easing_terms_of_use.html */,
				6B11BA4A1A8553DB99738D20 /* ofxEasing.cpp */,
				788A35DA11056D41904F5D28 /* ofxEasing.h */,
				8855B9532CDC0A2BF701682A /* ofxEasingBack.cpp */,
				BBB42509608ED81A2917613D /* ofxEasingBack.h */,
				B01DC912FFCC095CC384688D /* ofxEasingBounce.cpp */,
				4E1850F93926EF199FC3A7AD /* ofxEasingBounce.h */,
				7CF93C126D52CAC459B360A9 /* ofxEasingCirc.cpp */,
				D43DA8240D2365B79017216B /* ofxEasingCirc.h */,
				AC599CB14B5DF66D829F3666 /* ofxEasingCubic.cpp */,
				06D2EEABDD9B20EBEACFB0AB /* ofxEasingCubic.h */,
				35204435369D24B91EEC2740 /* ofxEasingElastic.cpp */,
				B607592E361DEF55EE931251 /* ofxEasingElastic.h */,
				037668333AB8E8333B515CC7 /* ofxEasingExpo.cpp */,
				3CEECD65F72B1C2D843D440F /* ofxEasingExpo.h */,
				1B6652CDE2F4090810C733B1 /* ofxEasingLinear.cpp */,
				3C32503A68E18ABE07D01FAB /* ofxEasingLinear.h */,
				E92F754CA77A9ECBD97ABEB0 /* ofxEasingQuad.cpp */,
				F23134DE1A0BC6F462887725 /* ofxEasingQuad.h */,
				AF64ED3CE71BB5A95884C864 /* ofxEasingQuart.cpp */,
				62DE22B3F7064BB1068E9198 /* ofxEasingQuart.h */,
				ED4F30AADC7747AC25177370 /* ofxEasingQuint.cpp */,
				86BEE655A830A205CB010199 /* ofxEasingQuint.h */,
				A646CD9DA3A61E7C40B113C7 /* ofxEasingSine.cpp */,
				A1AD4ED9FD4A0A2F2D4BD965 /* ofxEasingSine.h */,
			);
			name = Easings;
			sourceTree = "<group>";
		};
		6948EE371B920CB800B5AC1A /* local_addons */ = {
			isa = PBXGroup;
			children = (
			);
			name = local_addons;
			sourceTree = "<group>";
		};
		8500178D374F79EE70687B5D /* src */ = {
			isa = PBXGroup;
			children = (
				1A3AEA66CCAC02721A2B0BCA /* Easings */,
				B8695248E5264E06C6F942E7 /* ofxBaseKeyframe.h */,
				379175356518DF0F9A81762D /* ofxEasingExt.h */,
				69A1291CC20E7C5B1065DC21 /* ofxEventKeyframe.cpp */,
				1FA30E3160EFC201C0C1F46B /* ofxEventKeyframe.h */,
				87B9FC3251B3A9F5FACFD5A6 /* ofxKeyframe.cpp */,
				0187CE0BFF74395AF109927C /* ofxKeyframe.h */,
				72AB0F6DE935FB39E707CC12 /* ofxPlaylist.cpp */,
				DCE737378AEED25A56E69E2A /* ofxPlaylist.h */,
				C22B58F6DB1B34CA0B42D04C /* ofxPlaylistAEHelper.h */,
			);
			name = src;
			sourceTree = "<group>";
		};
		B7853EF70A6A0E3C38AC4E58 /* ofxPlaylist */ = {
			isa = PBXGroup;
			children = (
				8500178D374F79EE70687B5D /* src */,
			);
			name = ofxPlaylist;
			sourceTree = "<group>";
		};
		BB4B014C10F69532006C3DED /* addons */ = {
			isa = PBXGroup;
			children = (
				B7853EF70A6A0E3C38AC4E58 /* ofxPlaylist */,
			);
			name = addons;
			sourceTree = "<group>";
		};
		E4328144138ABC890047C5CB /* Products */ = {
			isa = PBXGroup;
			children = (
				E4328148138ABC890047C5CB /* openFrameworksDebug.a */,
			);
			name = Products;
			sourceTree = "<group>";
		};
		E4B69B4A0A3A1720003C02F2 = {
			isa = PBXGroup;
			children = (
				E4B6FCAD0C3E899E008CF71C /* openFrameworks-Info.plist */,
				E4EB6923138AFD0F00A09F29 /* Project.xcconfig */,
				E4B69E1C0A3A1BDC003C02F2 /* src */,
				E4EEC9E9138DF44700A80321 /* openFrameworks */,
				BB4B014C10F69532006C3DED /* addons */,
				6948EE371B920CB800B5AC1A /* local_addons */,
				E4B69B5B0A3A1756003C02F2 /* simpleExampleDebug.app */,
			);
			sourceTree = "<group>";
		};
		E4B69E1C0A3A1BDC003C02F2 /* src */ = {
			isa = PBXGroup;
			children = (
				E4B69E1D0A3A1BDC003C02F2 /* main.cpp */,
				00A1BFCBB38848AD0E0C8539 /* ofApp.cpp */,
				2D129AB0F7D46B8DFCEADEDB /* ofApp.h */,
			);
			path = src;
			sourceTree = SOURCE_ROOT;
		};
		E4EEC9E9138DF44700A80321 /* openFrameworks */ = {
			isa = PBXGroup;
			children = (
				E4EB691F138AFCF100A09F29 /* CoreOF.xcconfig */,
				E4328143138ABC890047C5CB /* openFrameworksLib.xcodeproj */,
			);
			name = openFrameworks;
			sourceTree = "<group>";
		};
/* End PBXGroup section */

/* Begin PBXNativeTarget section */
		E4B69B5A0A3A1756003C02F2 /* simpleExample */ = {
			isa = PBXNativeTarget;
			buildConfigurationList = E4B69B5F0A3A1757003C02F2 /* Build configuration list for PBXNativeTarget "simpleExample" */;
			buildPhases = (
				E4B69B580A3A1756003C02F2 /* Sources */,
				E4B69B590A3A1756003C02F2 /* Frameworks */,
				E4B6FFFD0C3F9AB9008CF71C /* ShellScript */,
				E4C2427710CC5ABF004149E2 /* CopyFiles */,
			);
			buildRules = (
			);
			dependencies = (
				E4EEB9AC138B136A00A80321 /* PBXTargetDependency */,
			);
			name = simpleExample;
			productName = myOFApp;
			productReference = E4B69B5B0A3A1756003C02F2 /* simpleExampleDebug.app */;
			productType = "com.apple.product-type.application";
		};
/* End PBXNativeTarget section */

/* Begin PBXProject section */
		E4B69B4C0A3A1720003C02F2 /* Project object */ = {
			isa = PBXProject;
			attributes = {
				LastUpgradeCheck = 0600;
			};
			buildConfigurationList = E4B69B4D0A3A1720003C02F2 /* Build configuration list for PBXProject "simpleExample" */;
			compatibilityVersion = "Xcode 3.2";
			developmentRegion = English;
			hasScannedForEncodings = 0;
			knownRegions = (
				English,
				Japanese,
				French,
				German,
			);
			mainGroup = E4B69B4A0A3A1720003C02F2;
			productRefGroup = E4B69B4A0A3A1720003C02F2;
			projectDirPath = "";
			projectReferences = (
				{
					ProductGroup = E4328144138ABC890047C5CB /* Products */;
					ProjectRef = E4328143138ABC890047C5CB /* openFrameworksLib.xcodeproj */;
				},
			);
			projectRoot = "";
			targets = (
				E4B69B5A0A3A1756003C02F2 /* simpleExample */,
			);
		};
/* End PBXProject section */

/* Begin PBXReferenceProxy section */
		E4328148138ABC890047C5CB /* openFrameworksDebug.a */ = {
			isa = PBXReferenceProxy;
			fileType = archive.ar;
			path = openFrameworksDebug.a;
			remoteRef = E4328147138ABC890047C5CB /* PBXContainerItemProxy */;
			sourceTree = BUILT_PRODUCTS_DIR;
		};
/* End PBXReferenceProxy section */

/* Begin PBXShellScriptBuildPhase section */
		E4B6FFFD0C3F9AB9008CF71C /* ShellScript */ = {
			isa = PBXShellScriptBuildPhase;
			buildActionMask = 2147483647;
			files = (
			);
			inputPaths = (
			);
			outputPaths = (
			);
			runOnlyForDeploymentPostprocessing = 0;
			shellPath = /bin/sh;
			shellScript = "mkdir -p \"$TARGET_BUILD_DIR/$PRODUCT_NAME.app/Contents/Resources/\"\n# Copy default icon file into App/Resources\nrsync -aved \"$ICON_FILE\" \"$TARGET_BUILD_DIR/$PRODUCT_NAME.app/Contents/Resources/\"\n# Copy libfmod and change install directory for fmod to run\nrsync -aved ../../../libs/fmodex/lib/osx/libfmodex.dylib \"$TARGET_BUILD_DIR/$PRODUCT_NAME.app/Contents/Frameworks/\";\ninstall_name_tool -change @executable_path/libfmodex.dylib @executable_path/../Frameworks/libfmodex.dylib \"$TARGET_BUILD_DIR/$PRODUCT_NAME.app/Contents/MacOS/$PRODUCT_NAME\";\n# Copy GLUT framework (must remove for AppStore submissions)\n#rsync -aved ../../../libs/glut/lib/osx/GLUT.framework \"$TARGET_BUILD_DIR/$PRODUCT_NAME.app/Contents/Frameworks/\"\n";
		};
/* End PBXShellScriptBuildPhase section */

/* Begin PBXSourcesBuildPhase section */
		E4B69B580A3A1756003C02F2 /* Sources */ = {
			isa = PBXSourcesBuildPhase;
			buildActionMask = 2147483647;
			files = (
				E4B69E200A3A1BDC003C02F2 /* main.cpp in Sources */,
				29D734F0DDECC8C5978185D7 /* ofApp.cpp in Sources */,
				CAE5667526F32A6C8B01A7EE /* easing_terms_of_use.html in Sources */,
				3DA01BF4B40053C9B6A7F66C /* ofxEasing.cpp in Sources */,
				6BB89F9350EEC7013F628E6C /* ofxEasingBack.cpp in Sources */,
				1A502F9DA81AFDCA4383F95A /* ofxEasingBounce.cpp in Sources */,
				B87E75A570AD2D9B059CF3D0 /* ofxEasingCirc.cpp in Sources */,
				D47ECF6A2047CD15DBEBA22D /* ofxEasingCubic.cpp in Sources */,
				CC9A86C96A280C4053790E47 /* ofxEasingElastic.cpp in Sources */,
				573DF9CD985D7877F989424D /* ofxEasingExpo.cpp in Sources */,
				A24D96D341E21D8850BC99B1 /* ofxEasingLinear.cpp in Sources */,
				192EEBA8470BCFC6398565C5 /* ofxEasingQuad.cpp in Sources */,
				56634F705A5BC678742AD4FD /* ofxEasingQuart.cpp in Sources */,
				4A2A122B9E3B74A8A7CBCF4D /* ofxEasingQuint.cpp in Sources */,
				E386EF03E3EFD0F96B89ECF6 /* ofxEasingSine.cpp in Sources */,
				CBC6CA698794EC2B08B45FB8 /* ofxEventKeyframe.cpp in Sources */,
				A115DC7360D60A53CBBB7277 /* ofxKeyframe.cpp in Sources */,
				9098D510619CAED5C56F653E /* ofxPlaylist.cpp in Sources */,
			);
			runOnlyForDeploymentPostprocessing = 0;
		};
/* End PBXSourcesBuildPhase section */

/* Begin PBXTargetDependency section */
		E4EEB9AC138B136A00A80321 /* PBXTargetDependency */ = {
			isa = PBXTargetDependency;
			name = openFrameworks;
			targetProxy = E4EEB9AB138B136A00A80321 /* PBXContainerItemProxy */;
		};
/* End PBXTargetDependency section */

/* Begin XCBuildConfiguration section */
		E4B69B4E0A3A1720003C02F2 /* Debug */ = {
			isa = XCBuildConfiguration;
			baseConfigurationReference = E4EB6923138AFD0F00A09F29 /* Project.xcconfig */;
			buildSettings = {
				CONFIGURATION_BUILD_DIR = "$(SRCROOT)/bin/";
				COPY_PHASE_STRIP = NO;
				DEAD_CODE_STRIPPING = YES;
				GCC_AUTO_VECTORIZATION = YES;
				GCC_ENABLE_SSE3_EXTENSIONS = YES;
				GCC_ENABLE_SUPPLEMENTAL_SSE3_INSTRUCTIONS = YES;
				GCC_INLINES_ARE_PRIVATE_EXTERN = NO;
				GCC_OPTIMIZATION_LEVEL = 0;
				GCC_SYMBOLS_PRIVATE_EXTERN = NO;
				GCC_WARN_ABOUT_DEPRECATED_FUNCTIONS = YES;
				GCC_WARN_ABOUT_INVALID_OFFSETOF_MACRO = NO;
				GCC_WARN_ALLOW_INCOMPLETE_PROTOCOL = NO;
				GCC_WARN_UNINITIALIZED_AUTOS = NO;
				GCC_WARN_UNUSED_VALUE = NO;
				GCC_WARN_UNUSED_VARIABLE = NO;
				HEADER_SEARCH_PATHS = (
					"$(OF_CORE_HEADERS)",
					src,
					../../../addons/ofxPlaylist/src,
				);
				MACOSX_DEPLOYMENT_TARGET = 10.8;
				ONLY_ACTIVE_ARCH = YES;
				OTHER_CPLUSPLUSFLAGS = (
					"-D__MACOSX_CORE__",
					"-mtune=native",
				);
				SDKROOT = macosx;
			};
			name = Debug;
		};
		E4B69B4F0A3A1720003C02F2 /* Release */ = {
			isa = XCBuildConfiguration;
			baseConfigurationReference = E4EB6923138AFD0F00A09F29 /* Project.xcconfig */;
			buildSettings = {
				CONFIGURATION_BUILD_DIR = "$(SRCROOT)/bin/";
				COPY_PHASE_STRIP = YES;
				DEAD_CODE_STRIPPING = YES;
				GCC_AUTO_VECTORIZATION = YES;
				GCC_ENABLE_SSE3_EXTENSIONS = YES;
				GCC_ENABLE_SUPPLEMENTAL_SSE3_INSTRUCTIONS = YES;
				GCC_INLINES_ARE_PRIVATE_EXTERN = NO;
				GCC_OPTIMIZATION_LEVEL = 3;
				GCC_SYMBOLS_PRIVATE_EXTERN = NO;
				GCC_UNROLL_LOOPS = YES;
				GCC_WARN_ABOUT_DEPRECATED_FUNCTIONS = YES;
				GCC_WARN_ABOUT_INVALID_OFFSETOF_MACRO = NO;
				GCC_WARN_ALLOW_INCOMPLETE_PROTOCOL = NO;
				GCC_WARN_UNINITIALIZED_AUTOS = NO;
				GCC_WARN_UNUSED_VALUE = NO;
				GCC_WARN_UNUSED_VARIABLE = NO;
				HEADER_SEARCH_PATHS = (
					"$(OF_CORE_HEADERS)",
					src,
					../../../addons/ofxPlaylist/src,
				);
				MACOSX_DEPLOYMENT_TARGET = 10.8;
				OTHER_CPLUSPLUSFLAGS = (
					"-D__MACOSX_CORE__",
					"-mtune=native",
				);
				SDKROOT = macosx;
			};
			name = Release;
		};
		E4B69B600A3A1757003C02F2 /* Debug */ = {
			isa = XCBuildConfiguration;
			baseConfigurationReference = E4EB6923138AFD0F00A09F29 /* Project.xcconfig */;
			buildSettings = {
				COMBINE_HIDPI_IMAGES = YES;
				COPY_PHASE_STRIP = NO;
				FRAMEWORK_SEARCH_PATHS = (
					"$(inherited)",
					"$(FRAMEWORK_SEARCH_PATHS_QUOTED_FOR_TARGET_1)",
				);
				FRAMEWORK_SEARCH_PATHS_QUOTED_FOR_TARGET_1 = "\"$(SRCROOT)/../../../libs/glut/lib/osx\"";
				GCC_DYNAMIC_NO_PIC = NO;
				GCC_GENERATE_DEBUGGING_SYMBOLS = YES;
				GCC_MODEL_TUNING = NONE;
				HEADER_SEARCH_PATHS = (
					"$(OF_CORE_HEADERS)",
					src,
					../../../addons/ofxPlaylist/src,
				);
				ICON = "$(ICON_NAME_DEBUG)";
				ICON_FILE = "$(ICON_FILE_PATH)$(ICON)";
				INFOPLIST_FILE = "openFrameworks-Info.plist";
				INSTALL_PATH = /Applications;
				LIBRARY_SEARCH_PATHS = "$(inherited)";
				PRODUCT_NAME = "$(TARGET_NAME)Debug";
				WRAPPER_EXTENSION = app;
			};
			name = Debug;
		};
		E4B69B610A3A1757003C02F2 /* Release */ = {
			isa = XCBuildConfiguration;
			baseConfigurationReference = E4EB6923138AFD0F00A09F29 /* Project.xcconfig */;
			buildSettings = {
				COMBINE_HIDPI_IMAGES = YES;
				COPY_PHASE_STRIP = YES;
				FRAMEWORK_SEARCH_PATHS = (
					"$(inherited)",
					"$(FRAMEWORK_SEARCH_PATHS_QUOTED_FOR_TARGET_1)",
				);
				FRAMEWORK_SEARCH_PATHS_QUOTED_FOR_TARGET_1 = "\"$(SRCROOT)/../../../libs/glut/lib/osx\"";
				GCC_GENERATE_DEBUGGING_SYMBOLS = YES;
				GCC_MODEL_TUNING = NONE;
				HEADER_SEARCH_PATHS = (
					"$(OF_CORE_HEADERS)",
					src,
					../../../addons/ofxPlaylist/src,
				);
				ICON = "$(ICON_NAME_RELEASE)";
				ICON_FILE = "$(ICON_FILE_PATH)$(ICON)";
				INFOPLIST_FILE = "openFrameworks-Info.plist";
				INSTALL_PATH = /Applications;
				LIBRARY_SEARCH_PATHS = "$(inherited)";
				PRODUCT_NAME = "$(TARGET_NAME)";
				WRAPPER_EXTENSION = app;
				baseConfigurationReference = E4EB6923138AFD0F00A09F29;
			};
			name = Release;
		};
/* End XCBuildConfiguration section */

/* Begin XCConfigurationList section */
		E4B69B4D0A3A1720003C02F2 /* Build configuration list for PBXProject "simpleExample" */ = {
			isa = XCConfigurationList;
			buildConfigurations = (
				E4B69B4E0A3A1720003C02F2 /* Debug */,
				E4B69B4F0A3A1720003C02F2 /* Release */,
			);
			defaultConfigurationIsVisible = 0;
			defaultConfigurationName = Release;
		};
		E4B69B5F0A3A1757003C02F2 /* Build configuration list for PBXNativeTarget "simpleExample" */ = {
			isa = XCConfigurationList;
			buildConfigurations = (
				E4B69B600A3A1757003C02F2 /* Debug */,
				E4B69B610A3A1757003C02F2 /* Release */,
			);
			defaultConfigurationIsVisible = 0;
			defaultConfigurationName = Release;
		};
/* End XCConfigurationList section */
	};
	rootObject = E4B69B4C0A3A1720003C02F2 /* Project object */;
}
